
Microsoft Visual Studio Solution File, Format Version 12.00
# Visual Studio Version 16
VisualStudioVersion = 16.0.29324.140
MinimumVisualStudioVersion = 10.0.40219.1
Project("{FAE04EC0-301F-11D3-BF4B-00C04F79EFBC}") = "AllSalesApp", "AllSalesApp\AllSalesApp.csproj", "{DB4311B3-D07A-4A59-A0E8-7CDF4A5E16B1}"
EndProject
Project("{2150E333-8FDC-42A3-9474-1A3956D46DE8}") = "Solution Items", "Solution Items", "{4C82BE88-CBFC-4A2E-935A-762977EA046D}"
	ProjectSection(SolutionItems) = preProject
		..\..\..\Desktop\AllSalesApp\BorrarCliente.cs = ..\..\..\Desktop\AllSalesApp\BorrarCliente.cs
		..\..\..\Desktop\AllSalesApp\BorrarCliente.Designer.cs = ..\..\..\Desktop\AllSalesApp\BorrarCliente.Designer.cs
		..\..\..\Desktop\AllSalesApp\BorrarCliente.resx = ..\..\..\Desktop\AllSalesApp\BorrarCliente.resx
		..\..\..\Desktop\AllSalesApp\ConfigurarCliente.cs = ..\..\..\Desktop\AllSalesApp\ConfigurarCliente.cs
		..\..\..\Desktop\AllSalesApp\ConfigurarCliente.Designer.cs = ..\..\..\Desktop\AllSalesApp\ConfigurarCliente.Designer.cs
		..\..\..\Desktop\AllSalesApp\ConfigurarCliente.resx = ..\..\..\Desktop\AllSalesApp\ConfigurarCliente.resx
		AllSalesApp\Views\CrearCliente.cs = AllSalesApp\Views\CrearCliente.cs
		AllSalesApp\Views\CrearCliente.Designer.cs = AllSalesApp\Views\CrearCliente.Designer.cs
		AllSalesApp\Views\CrearCliente.resx = AllSalesApp\Views\CrearCliente.resx
		AllSalesApp\Views\CrearVendedor.cs = AllSalesApp\Views\CrearVendedor.cs
		AllSalesApp\Views\CrearVendedor.Designer.cs = AllSalesApp\Views\CrearVendedor.Designer.cs
		AllSalesApp\Views\CrearVendedor.resx = AllSalesApp\Views\CrearVendedor.resx
		AllSalesApp\Views\Factura.cs = AllSalesApp\Views\Factura.cs
		AllSalesApp\Views\Factura.Designer.cs = AllSalesApp\Views\Factura.Designer.cs
		AllSalesApp\Views\Factura.resx = AllSalesApp\Views\Factura.resx
		AllSalesApp\Views\Form1.cs = AllSalesApp\Views\Form1.cs
		AllSalesApp\Views\Form1.Designer.cs = AllSalesApp\Views\Form1.Designer.cs
		AllSalesApp\Views\Form1.resx = AllSalesApp\Views\Form1.resx
		AllSalesApp\Views\LogIn.cs = AllSalesApp\Views\LogIn.cs
		AllSalesApp\Views\LogIn.Designer.cs = AllSalesApp\Views\LogIn.Designer.cs
		AllSalesApp\Views\LogIn.resx = AllSalesApp\Views\LogIn.resx
		AllSalesApp\Views\ReporteFactura.cs = AllSalesApp\Views\ReporteFactura.cs
		AllSalesApp\Views\ReporteFactura.Designer.cs = AllSalesApp\Views\ReporteFactura.Designer.cs
		AllSalesApp\Views\ReporteFactura.resx = AllSalesApp\Views\ReporteFactura.resx
	EndProjectSection
EndProject
Global
	GlobalSection(SolutionConfigurationPlatforms) = preSolution
		Debug|Any CPU = Debug|Any CPU
		Release|Any CPU = Release|Any CPU
	EndGlobalSection
	GlobalSection(ProjectConfigurationPlatforms) = postSolution
		{DB4311B3-D07A-4A59-A0E8-7CDF4A5E16B1}.Debug|Any CPU.ActiveCfg = Debug|Any CPU
		{DB4311B3-D07A-4A59-A0E8-7CDF4A5E16B1}.Debug|Any CPU.Build.0 = Debug|Any CPU
		{DB4311B3-D07A-4A59-A0E8-7CDF4A5E16B1}.Release|Any CPU.ActiveCfg = Release|Any CPU
		{DB4311B3-D07A-4A59-A0E8-7CDF4A5E16B1}.Release|Any CPU.Build.0 = Release|Any CPU
	EndGlobalSection
	GlobalSection(SolutionProperties) = preSolution
		HideSolutionNode = FALSE
	EndGlobalSection
	GlobalSection(ExtensibilityGlobals) = postSolution
		SolutionGuid = {5F9A0543-4B3E-42A4-8C4E-4EF0DC288174}
	EndGlobalSection
EndGlobal
